// !$*UTF8*$!
{
	archiveVersion = 1;
	classes = {
	};
	objectVersion = 50;
	objects = {

/* Begin PBXBuildFile section */
		1456321720A0155900C0AD2C /* AvatarPickerVC.swift in Sources */ = {isa = PBXBuildFile; fileRef = 1456321620A0155900C0AD2C /* AvatarPickerVC.swift */; };
		1456321920A019BB00C0AD2C /* AvatarCell.swift in Sources */ = {isa = PBXBuildFile; fileRef = 1456321820A019BB00C0AD2C /* AvatarCell.swift */; };
		1456321B20A0280000C0AD2C /* CircleImage.swift in Sources */ = {isa = PBXBuildFile; fileRef = 1456321A20A0280000C0AD2C /* CircleImage.swift */; };
		1456321E20A0398100C0AD2C /* ProfileVC.swift in Sources */ = {isa = PBXBuildFile; fileRef = 1456321C20A0398100C0AD2C /* ProfileVC.swift */; };
		1456321F20A0398100C0AD2C /* ProfileVC.xib in Resources */ = {isa = PBXBuildFile; fileRef = 1456321D20A0398100C0AD2C /* ProfileVC.xib */; };
		1456322220A0A20100C0AD2C /* MessageService.swift in Sources */ = {isa = PBXBuildFile; fileRef = 1456322120A0A20100C0AD2C /* MessageService.swift */; };
		1456322420A0A24900C0AD2C /* Channel.swift in Sources */ = {isa = PBXBuildFile; fileRef = 1456322320A0A24900C0AD2C /* Channel.swift */; };
		1456322620A13E2700C0AD2C /* ChannelCell.swift in Sources */ = {isa = PBXBuildFile; fileRef = 1456322520A13E2700C0AD2C /* ChannelCell.swift */; };
		1456322920A1445C00C0AD2C /* AddChannelVC.swift in Sources */ = {isa = PBXBuildFile; fileRef = 1456322720A1445C00C0AD2C /* AddChannelVC.swift */; };
		1456322A20A1445C00C0AD2C /* AddChannelVC.xib in Resources */ = {isa = PBXBuildFile; fileRef = 1456322820A1445C00C0AD2C /* AddChannelVC.xib */; };
		1456322C20A1534E00C0AD2C /* SocketService.swift in Sources */ = {isa = PBXBuildFile; fileRef = 1456322B20A1534E00C0AD2C /* SocketService.swift */; };
		1456322E20A1B43200C0AD2C /* Message.swift in Sources */ = {isa = PBXBuildFile; fileRef = 1456322D20A1B43200C0AD2C /* Message.swift */; };
		145DDDD0209F525300D410AB /* AppDelegate.swift in Sources */ = {isa = PBXBuildFile; fileRef = 145DDDCF209F525300D410AB /* AppDelegate.swift */; };
		145DDDD5209F525300D410AB /* Main.storyboard in Resources */ = {isa = PBXBuildFile; fileRef = 145DDDD3209F525300D410AB /* Main.storyboard */; };
		145DDDD7209F525400D410AB /* Assets.xcassets in Resources */ = {isa = PBXBuildFile; fileRef = 145DDDD6209F525400D410AB /* Assets.xcassets */; };
		145DDDDA209F525400D410AB /* LaunchScreen.storyboard in Resources */ = {isa = PBXBuildFile; fileRef = 145DDDD8209F525400D410AB /* LaunchScreen.storyboard */; };
		145DDDE9209F67D800D410AB /* ChatVC.swift in Sources */ = {isa = PBXBuildFile; fileRef = 145DDDE8209F67D800D410AB /* ChatVC.swift */; };
		145DDDEB209F67FC00D410AB /* ChannelVC.swift in Sources */ = {isa = PBXBuildFile; fileRef = 145DDDEA209F67FC00D410AB /* ChannelVC.swift */; };
		145DDDED209F71A900D410AB /* GradientView.swift in Sources */ = {isa = PBXBuildFile; fileRef = 145DDDEC209F71A900D410AB /* GradientView.swift */; };
		145DDDF0209F7A0C00D410AB /* Constants.swift in Sources */ = {isa = PBXBuildFile; fileRef = 145DDDEF209F7A0C00D410AB /* Constants.swift */; };
		145DDDF2209F7F3200D410AB /* LoginVC.swift in Sources */ = {isa = PBXBuildFile; fileRef = 145DDDF1209F7F3200D410AB /* LoginVC.swift */; };
		14957DD2209F885F004BC1CC /* CreateAccountVC.swift in Sources */ = {isa = PBXBuildFile; fileRef = 14957DD1209F885F004BC1CC /* CreateAccountVC.swift */; };
		14957DD5209FE6A6004BC1CC /* AuthService.swift in Sources */ = {isa = PBXBuildFile; fileRef = 14957DD4209FE6A6004BC1CC /* AuthService.swift */; };
		14957DD7209FEFE9004BC1CC /* RoundedButton.swift in Sources */ = {isa = PBXBuildFile; fileRef = 14957DD6209FEFE9004BC1CC /* RoundedButton.swift */; };
		14957DD920A005BE004BC1CC /* UserDataService.swift in Sources */ = {isa = PBXBuildFile; fileRef = 14957DD820A005BE004BC1CC /* UserDataService.swift */; };
		6844014C2C5CD56225F808A8 /* .gitignore in Resources */ = {isa = PBXBuildFile; fileRef = 684404BB090C2E991B5AAFE0 /* .gitignore */; };
		684408015208F92797242C7B /* SWRevealViewController.m in Sources */ = {isa = PBXBuildFile; fileRef = 68440EB78A555D9D97FD09CC /* SWRevealViewController.m */; };
		ECEB16950B817A8E5F2E09C9 /* Pods_Smack.framework in Frameworks */ = {isa = PBXBuildFile; fileRef = 988BB4CB34FF2C6A6FED634D /* Pods_Smack.framework */; };
/* End PBXBuildFile section */

/* Begin PBXFileReference section */
		1456321620A0155900C0AD2C /* AvatarPickerVC.swift */ = {isa = PBXFileReference; lastKnownFileType = sourcecode.swift; path = AvatarPickerVC.swift; sourceTree = "<group>"; };
		1456321820A019BB00C0AD2C /* AvatarCell.swift */ = {isa = PBXFileReference; lastKnownFileType = sourcecode.swift; path = AvatarCell.swift; sourceTree = "<group>"; };
		1456321A20A0280000C0AD2C /* CircleImage.swift */ = {isa = PBXFileReference; lastKnownFileType = sourcecode.swift; path = CircleImage.swift; sourceTree = "<group>"; };
		1456321C20A0398100C0AD2C /* ProfileVC.swift */ = {isa = PBXFileReference; lastKnownFileType = sourcecode.swift; path = ProfileVC.swift; sourceTree = "<group>"; };
		1456321D20A0398100C0AD2C /* ProfileVC.xib */ = {isa = PBXFileReference; lastKnownFileType = file.xib; path = ProfileVC.xib; sourceTree = "<group>"; };
		1456322120A0A20100C0AD2C /* MessageService.swift */ = {isa = PBXFileReference; lastKnownFileType = sourcecode.swift; path = MessageService.swift; sourceTree = "<group>"; };
		1456322320A0A24900C0AD2C /* Channel.swift */ = {isa = PBXFileReference; lastKnownFileType = sourcecode.swift; path = Channel.swift; sourceTree = "<group>"; };
		1456322520A13E2700C0AD2C /* ChannelCell.swift */ = {isa = PBXFileReference; lastKnownFileType = sourcecode.swift; path = ChannelCell.swift; sourceTree = "<group>"; };
		1456322720A1445C00C0AD2C /* AddChannelVC.swift */ = {isa = PBXFileReference; lastKnownFileType = sourcecode.swift; path = AddChannelVC.swift; sourceTree = "<group>"; };
		1456322820A1445C00C0AD2C /* AddChannelVC.xib */ = {isa = PBXFileReference; lastKnownFileType = file.xib; path = AddChannelVC.xib; sourceTree = "<group>"; };
		1456322B20A1534E00C0AD2C /* SocketService.swift */ = {isa = PBXFileReference; lastKnownFileType = sourcecode.swift; path = SocketService.swift; sourceTree = "<group>"; };
		1456322D20A1B43200C0AD2C /* Message.swift */ = {isa = PBXFileReference; lastKnownFileType = sourcecode.swift; path = Message.swift; sourceTree = "<group>"; };
		145DDDCC209F525300D410AB /* Smack.app */ = {isa = PBXFileReference; explicitFileType = wrapper.application; includeInIndex = 0; path = Smack.app; sourceTree = BUILT_PRODUCTS_DIR; };
		145DDDCF209F525300D410AB /* AppDelegate.swift */ = {isa = PBXFileReference; lastKnownFileType = sourcecode.swift; path = AppDelegate.swift; sourceTree = "<group>"; };
		145DDDD4209F525300D410AB /* Base */ = {isa = PBXFileReference; lastKnownFileType = file.storyboard; name = Base; path = Base.lproj/Main.storyboard; sourceTree = "<group>"; };
		145DDDD6209F525400D410AB /* Assets.xcassets */ = {isa = PBXFileReference; lastKnownFileType = folder.assetcatalog; path = Assets.xcassets; sourceTree = "<group>"; };
		145DDDD9209F525400D410AB /* Base */ = {isa = PBXFileReference; lastKnownFileType = file.storyboard; name = Base; path = Base.lproj/LaunchScreen.storyboard; sourceTree = "<group>"; };
		145DDDDB209F525400D410AB /* Info.plist */ = {isa = PBXFileReference; lastKnownFileType = text.plist.xml; path = Info.plist; sourceTree = "<group>"; };
		145DDDE8209F67D800D410AB /* ChatVC.swift */ = {isa = PBXFileReference; lastKnownFileType = sourcecode.swift; path = ChatVC.swift; sourceTree = "<group>"; };
		145DDDEA209F67FC00D410AB /* ChannelVC.swift */ = {isa = PBXFileReference; lastKnownFileType = sourcecode.swift; path = ChannelVC.swift; sourceTree = "<group>"; };
		145DDDEC209F71A900D410AB /* GradientView.swift */ = {isa = PBXFileReference; lastKnownFileType = sourcecode.swift; path = GradientView.swift; sourceTree = "<group>"; };
		145DDDEF209F7A0C00D410AB /* Constants.swift */ = {isa = PBXFileReference; lastKnownFileType = sourcecode.swift; path = Constants.swift; sourceTree = "<group>"; };
		145DDDF1209F7F3200D410AB /* LoginVC.swift */ = {isa = PBXFileReference; lastKnownFileType = sourcecode.swift; path = LoginVC.swift; sourceTree = "<group>"; };
		14957DD1209F885F004BC1CC /* CreateAccountVC.swift */ = {isa = PBXFileReference; lastKnownFileType = sourcecode.swift; path = CreateAccountVC.swift; sourceTree = "<group>"; };
		14957DD4209FE6A6004BC1CC /* AuthService.swift */ = {isa = PBXFileReference; lastKnownFileType = sourcecode.swift; path = AuthService.swift; sourceTree = "<group>"; };
		14957DD6209FEFE9004BC1CC /* RoundedButton.swift */ = {isa = PBXFileReference; lastKnownFileType = sourcecode.swift; path = RoundedButton.swift; sourceTree = "<group>"; };
		14957DD820A005BE004BC1CC /* UserDataService.swift */ = {isa = PBXFileReference; lastKnownFileType = sourcecode.swift; path = UserDataService.swift; sourceTree = "<group>"; };
		684401694019CDF9058EA2F3 /* Smack-Bridging-Header.h */ = {isa = PBXFileReference; fileEncoding = 4; lastKnownFileType = sourcecode.c.h; path = "Smack-Bridging-Header.h"; sourceTree = "<group>"; };
		684404BB090C2E991B5AAFE0 /* .gitignore */ = {isa = PBXFileReference; lastKnownFileType = file.gitignore; path = .gitignore; sourceTree = "<group>"; };
		68440CE967AA2926A215285B /* SWRevealViewController.h */ = {isa = PBXFileReference; fileEncoding = 4; lastKnownFileType = sourcecode.c.h; path = SWRevealViewController.h; sourceTree = "<group>"; };
		68440EB78A555D9D97FD09CC /* SWRevealViewController.m */ = {isa = PBXFileReference; fileEncoding = 4; lastKnownFileType = sourcecode.c.objc; path = SWRevealViewController.m; sourceTree = "<group>"; };
		72FF7C17CCC4A9F701646B70 /* Pods-Smack.release.xcconfig */ = {isa = PBXFileReference; includeInIndex = 1; lastKnownFileType = text.xcconfig; name = "Pods-Smack.release.xcconfig"; path = "Pods/Target Support Files/Pods-Smack/Pods-Smack.release.xcconfig"; sourceTree = "<group>"; };
		988BB4CB34FF2C6A6FED634D /* Pods_Smack.framework */ = {isa = PBXFileReference; explicitFileType = wrapper.framework; includeInIndex = 0; path = Pods_Smack.framework; sourceTree = BUILT_PRODUCTS_DIR; };
		B1796A3F2493BFFA06243261 /* Pods-Smack.debug.xcconfig */ = {isa = PBXFileReference; includeInIndex = 1; lastKnownFileType = text.xcconfig; name = "Pods-Smack.debug.xcconfig"; path = "Pods/Target Support Files/Pods-Smack/Pods-Smack.debug.xcconfig"; sourceTree = "<group>"; };
/* End PBXFileReference section */

/* Begin PBXFrameworksBuildPhase section */
		145DDDC9209F525300D410AB /* Frameworks */ = {
			isa = PBXFrameworksBuildPhase;
			buildActionMask = 2147483647;
			files = (
				ECEB16950B817A8E5F2E09C9 /* Pods_Smack.framework in Frameworks */,
			);
			runOnlyForDeploymentPostprocessing = 0;
		};
/* End PBXFrameworksBuildPhase section */

/* Begin PBXGroup section */
		1456322020A0399F00C0AD2C /* XIB */ = {
			isa = PBXGroup;
			children = (
				1456322820A1445C00C0AD2C /* AddChannelVC.xib */,
				1456321D20A0398100C0AD2C /* ProfileVC.xib */,
			);
			path = XIB;
			sourceTree = "<group>";
		};
		145DDDC3209F525300D410AB = {
			isa = PBXGroup;
			children = (
				145DDDCE209F525300D410AB /* Smack */,
				145DDDCD209F525300D410AB /* Products */,
				684404BB090C2E991B5AAFE0 /* .gitignore */,
				348862247CEC6C04C8A257AD /* Pods */,
				ED3C44A0DF65AD595575D4C3 /* Frameworks */,
			);
			sourceTree = "<group>";
		};
		145DDDCD209F525300D410AB /* Products */ = {
			isa = PBXGroup;
			children = (
				145DDDCC209F525300D410AB /* Smack.app */,
			);
			name = Products;
			sourceTree = "<group>";
		};
		145DDDCE209F525300D410AB /* Smack */ = {
			isa = PBXGroup;
			children = (
				68440F3FF32958F45EBB23FB /* Model */,
				6844064B544294048F4F4D4F /* View */,
				684401DA289E73036E9F2942 /* Controller */,
				1456322020A0399F00C0AD2C /* XIB */,
				14957DD3209FE689004BC1CC /* Service */,
				145DDDEE209F79E900D410AB /* Utilities */,
				684409B08E70F26665A0BBDB /* Supporting Files */,
				145DDDCF209F525300D410AB /* AppDelegate.swift */,
				145DDDD3209F525300D410AB /* Main.storyboard */,
				145DDDD6209F525400D410AB /* Assets.xcassets */,
				145DDDD8209F525400D410AB /* LaunchScreen.storyboard */,
				145DDDDB209F525400D410AB /* Info.plist */,
			);
			path = Smack;
			sourceTree = "<group>";
		};
		145DDDEE209F79E900D410AB /* Utilities */ = {
			isa = PBXGroup;
			children = (
				145DDDEF209F7A0C00D410AB /* Constants.swift */,
			);
			path = Utilities;
			sourceTree = "<group>";
		};
		14957DD3209FE689004BC1CC /* Service */ = {
			isa = PBXGroup;
			children = (
				14957DD4209FE6A6004BC1CC /* AuthService.swift */,
				14957DD820A005BE004BC1CC /* UserDataService.swift */,
				1456322120A0A20100C0AD2C /* MessageService.swift */,
				1456322B20A1534E00C0AD2C /* SocketService.swift */,
			);
			path = Service;
			sourceTree = "<group>";
		};
		348862247CEC6C04C8A257AD /* Pods */ = {
			isa = PBXGroup;
			children = (
				B1796A3F2493BFFA06243261 /* Pods-Smack.debug.xcconfig */,
				72FF7C17CCC4A9F701646B70 /* Pods-Smack.release.xcconfig */,
			);
			name = Pods;
			sourceTree = "<group>";
		};
		684401DA289E73036E9F2942 /* Controller */ = {
			isa = PBXGroup;
			children = (
				145DDDE8209F67D800D410AB /* ChatVC.swift */,
				145DDDEA209F67FC00D410AB /* ChannelVC.swift */,
				145DDDF1209F7F3200D410AB /* LoginVC.swift */,
				14957DD1209F885F004BC1CC /* CreateAccountVC.swift */,
				1456321620A0155900C0AD2C /* AvatarPickerVC.swift */,
				1456321C20A0398100C0AD2C /* ProfileVC.swift */,
				1456322720A1445C00C0AD2C /* AddChannelVC.swift */,
			);
			path = Controller;
			sourceTree = "<group>";
		};
		6844064B544294048F4F4D4F /* View */ = {
			isa = PBXGroup;
			children = (
				145DDDEC209F71A900D410AB /* GradientView.swift */,
				14957DD6209FEFE9004BC1CC /* RoundedButton.swift */,
				1456321820A019BB00C0AD2C /* AvatarCell.swift */,
				1456321A20A0280000C0AD2C /* CircleImage.swift */,
				1456322520A13E2700C0AD2C /* ChannelCell.swift */,
			);
			path = View;
			sourceTree = "<group>";
		};
		684409B08E70F26665A0BBDB /* Supporting Files */ = {
			isa = PBXGroup;
			children = (
				68440CE967AA2926A215285B /* SWRevealViewController.h */,
				68440EB78A555D9D97FD09CC /* SWRevealViewController.m */,
				684401694019CDF9058EA2F3 /* Smack-Bridging-Header.h */,
			);
			path = "Supporting Files";
			sourceTree = "<group>";
		};
		68440F3FF32958F45EBB23FB /* Model */ = {
			isa = PBXGroup;
			children = (
				1456322320A0A24900C0AD2C /* Channel.swift */,
				1456322D20A1B43200C0AD2C /* Message.swift */,
			);
			path = Model;
			sourceTree = "<group>";
		};
		ED3C44A0DF65AD595575D4C3 /* Frameworks */ = {
			isa = PBXGroup;
			children = (
				988BB4CB34FF2C6A6FED634D /* Pods_Smack.framework */,
			);
			name = Frameworks;
			sourceTree = "<group>";
		};
/* End PBXGroup section */

/* Begin PBXNativeTarget section */
		145DDDCB209F525300D410AB /* Smack */ = {
			isa = PBXNativeTarget;
			buildConfigurationList = 145DDDDE209F525400D410AB /* Build configuration list for PBXNativeTarget "Smack" */;
			buildPhases = (
				A39D4BBB88CC353D48A05BAF /* [CP] Check Pods Manifest.lock */,
				145DDDC8209F525300D410AB /* Sources */,
				145DDDC9209F525300D410AB /* Frameworks */,
				145DDDCA209F525300D410AB /* Resources */,
				E3855301F8A7CFBEA62F219F /* [CP] Embed Pods Frameworks */,
			);
			buildRules = (
			);
			dependencies = (
			);
			name = Smack;
			productName = Smack;
			productReference = 145DDDCC209F525300D410AB /* Smack.app */;
			productType = "com.apple.product-type.application";
		};
/* End PBXNativeTarget section */

/* Begin PBXProject section */
		145DDDC4209F525300D410AB /* Project object */ = {
			isa = PBXProject;
			attributes = {
				LastSwiftUpdateCheck = 0930;
				LastUpgradeCheck = 0930;
				ORGANIZATIONNAME = DroidInThai;
				TargetAttributes = {
					145DDDCB209F525300D410AB = {
						CreatedOnToolsVersion = 9.3;
						LastSwiftMigration = 0930;
					};
				};
			};
			buildConfigurationList = 145DDDC7209F525300D410AB /* Build configuration list for PBXProject "Smack" */;
			compatibilityVersion = "Xcode 9.3";
			developmentRegion = en;
			hasScannedForEncodings = 0;
			knownRegions = (
				en,
				Base,
			);
			mainGroup = 145DDDC3209F525300D410AB;
			productRefGroup = 145DDDCD209F525300D410AB /* Products */;
			projectDirPath = "";
			projectRoot = "";
			targets = (
				145DDDCB209F525300D410AB /* Smack */,
			);
		};
/* End PBXProject section */

/* Begin PBXResourcesBuildPhase section */
		145DDDCA209F525300D410AB /* Resources */ = {
			isa = PBXResourcesBuildPhase;
			buildActionMask = 2147483647;
			files = (
				145DDDDA209F525400D410AB /* LaunchScreen.storyboard in Resources */,
				145DDDD7209F525400D410AB /* Assets.xcassets in Resources */,
				1456322A20A1445C00C0AD2C /* AddChannelVC.xib in Resources */,
				145DDDD5209F525300D410AB /* Main.storyboard in Resources */,
				6844014C2C5CD56225F808A8 /* .gitignore in Resources */,
				1456321F20A0398100C0AD2C /* ProfileVC.xib in Resources */,
			);
			runOnlyForDeploymentPostprocessing = 0;
		};
/* End PBXResourcesBuildPhase section */

/* Begin PBXShellScriptBuildPhase section */
		A39D4BBB88CC353D48A05BAF /* [CP] Check Pods Manifest.lock */ = {
			isa = PBXShellScriptBuildPhase;
			buildActionMask = 2147483647;
			files = (
			);
			inputPaths = (
				"${PODS_PODFILE_DIR_PATH}/Podfile.lock",
				"${PODS_ROOT}/Manifest.lock",
			);
			name = "[CP] Check Pods Manifest.lock";
			outputPaths = (
				"$(DERIVED_FILE_DIR)/Pods-Smack-checkManifestLockResult.txt",
			);
			runOnlyForDeploymentPostprocessing = 0;
			shellPath = /bin/sh;
			shellScript = "diff \"${PODS_PODFILE_DIR_PATH}/Podfile.lock\" \"${PODS_ROOT}/Manifest.lock\" > /dev/null\nif [ $? != 0 ] ; then\n    # print error to STDERR\n    echo \"error: The sandbox is not in sync with the Podfile.lock. Run 'pod install' or update your CocoaPods installation.\" >&2\n    exit 1\nfi\n# This output is used by Xcode 'outputs' to avoid re-running this script phase.\necho \"SUCCESS\" > \"${SCRIPT_OUTPUT_FILE_0}\"\n";
			showEnvVarsInLog = 0;
		};
		E3855301F8A7CFBEA62F219F /* [CP] Embed Pods Frameworks */ = {
			isa = PBXShellScriptBuildPhase;
			buildActionMask = 2147483647;
			files = (
			);
			inputPaths = (
				"${SRCROOT}/Pods/Target Support Files/Pods-Smack/Pods-Smack-frameworks.sh",
				"${BUILT_PRODUCTS_DIR}/Alamofire/Alamofire.framework",
				"${BUILT_PRODUCTS_DIR}/Socket.IO-Client-Swift/SocketIO.framework",
				"${BUILT_PRODUCTS_DIR}/Starscream/Starscream.framework",
				"${BUILT_PRODUCTS_DIR}/SwiftyJSON/SwiftyJSON.framework",
			);
			name = "[CP] Embed Pods Frameworks";
			outputPaths = (
				"${TARGET_BUILD_DIR}/${FRAMEWORKS_FOLDER_PATH}/Alamofire.framework",
				"${TARGET_BUILD_DIR}/${FRAMEWORKS_FOLDER_PATH}/SocketIO.framework",
				"${TARGET_BUILD_DIR}/${FRAMEWORKS_FOLDER_PATH}/Starscream.framework",
				"${TARGET_BUILD_DIR}/${FRAMEWORKS_FOLDER_PATH}/SwiftyJSON.framework",
			);
			runOnlyForDeploymentPostprocessing = 0;
			shellPath = /bin/sh;
			shellScript = "\"${SRCROOT}/Pods/Target Support Files/Pods-Smack/Pods-Smack-frameworks.sh\"\n";
			showEnvVarsInLog = 0;
		};
/* End PBXShellScriptBuildPhase section */

/* Begin PBXSourcesBuildPhase section */
		145DDDC8209F525300D410AB /* Sources */ = {
			isa = PBXSourcesBuildPhase;
			buildActionMask = 2147483647;
			files = (
				1456322C20A1534E00C0AD2C /* SocketService.swift in Sources */,
				1456321E20A0398100C0AD2C /* ProfileVC.swift in Sources */,
				1456322620A13E2700C0AD2C /* ChannelCell.swift in Sources */,
				145DDDEB209F67FC00D410AB /* ChannelVC.swift in Sources */,
				1456321720A0155900C0AD2C /* AvatarPickerVC.swift in Sources */,
				14957DD7209FEFE9004BC1CC /* RoundedButton.swift in Sources */,
				1456322E20A1B43200C0AD2C /* Message.swift in Sources */,
				1456322420A0A24900C0AD2C /* Channel.swift in Sources */,
				1456321B20A0280000C0AD2C /* CircleImage.swift in Sources */,
				1456322220A0A20100C0AD2C /* MessageService.swift in Sources */,
				145DDDE9209F67D800D410AB /* ChatVC.swift in Sources */,
				14957DD2209F885F004BC1CC /* CreateAccountVC.swift in Sources */,
				14957DD5209FE6A6004BC1CC /* AuthService.swift in Sources */,
				145DDDED209F71A900D410AB /* GradientView.swift in Sources */,
				14957DD920A005BE004BC1CC /* UserDataService.swift in Sources */,
				1456322920A1445C00C0AD2C /* AddChannelVC.swift in Sources */,
				145DDDD0209F525300D410AB /* AppDelegate.swift in Sources */,
				1456321920A019BB00C0AD2C /* AvatarCell.swift in Sources */,
				684408015208F92797242C7B /* SWRevealViewController.m in Sources */,
				145DDDF0209F7A0C00D410AB /* Constants.swift in Sources */,
				145DDDF2209F7F3200D410AB /* LoginVC.swift in Sources */,
			);
			runOnlyForDeploymentPostprocessing = 0;
		};
/* End PBXSourcesBuildPhase section */

/* Begin PBXVariantGroup section */
		145DDDD3209F525300D410AB /* Main.storyboard */ = {
			isa = PBXVariantGroup;
			children = (
				145DDDD4209F525300D410AB /* Base */,
			);
			name = Main.storyboard;
			sourceTree = "<group>";
		};
		145DDDD8209F525400D410AB /* LaunchScreen.storyboard */ = {
			isa = PBXVariantGroup;
			children = (
				145DDDD9209F525400D410AB /* Base */,
			);
			name = LaunchScreen.storyboard;
			sourceTree = "<group>";
		};
/* End PBXVariantGroup section */

/* Begin XCBuildConfiguration section */
		145DDDDC209F525400D410AB /* Debug */ = {
			isa = XCBuildConfiguration;
			buildSettings = {
				ALWAYS_SEARCH_USER_PATHS = NO;
				CLANG_ANALYZER_NONNULL = YES;
				CLANG_ANALYZER_NUMBER_OBJECT_CONVERSION = YES_AGGRESSIVE;
				CLANG_CXX_LANGUAGE_STANDARD = "gnu++14";
				CLANG_CXX_LIBRARY = "libc++";
				CLANG_ENABLE_MODULES = YES;
				CLANG_ENABLE_OBJC_ARC = YES;
				CLANG_ENABLE_OBJC_WEAK = YES;
				CLANG_WARN_BLOCK_CAPTURE_AUTORELEASING = YES;
				CLANG_WARN_BOOL_CONVERSION = YES;
				CLANG_WARN_COMMA = YES;
				CLANG_WARN_CONSTANT_CONVERSION = YES;
				CLANG_WARN_DEPRECATED_OBJC_IMPLEMENTATIONS = YES;
				CLANG_WARN_DIRECT_OBJC_ISA_USAGE = YES_ERROR;
				CLANG_WARN_DOCUMENTATION_COMMENTS = YES;
				CLANG_WARN_EMPTY_BODY = YES;
				CLANG_WARN_ENUM_CONVERSION = YES;
				CLANG_WARN_INFINITE_RECURSION = YES;
				CLANG_WARN_INT_CONVERSION = YES;
				CLANG_WARN_NON_LITERAL_NULL_CONVERSION = YES;
				CLANG_WARN_OBJC_IMPLICIT_RETAIN_SELF = YES;
				CLANG_WARN_OBJC_LITERAL_CONVERSION = YES;
				CLANG_WARN_OBJC_ROOT_CLASS = YES_ERROR;
				CLANG_WARN_RANGE_LOOP_ANALYSIS = YES;
				CLANG_WARN_STRICT_PROTOTYPES = YES;
				CLANG_WARN_SUSPICIOUS_MOVE = YES;
				CLANG_WARN_UNGUARDED_AVAILABILITY = YES_AGGRESSIVE;
				CLANG_WARN_UNREACHABLE_CODE = YES;
				CLANG_WARN__DUPLICATE_METHOD_MATCH = YES;
				CODE_SIGN_IDENTITY = "iPhone Developer";
				COPY_PHASE_STRIP = NO;
				DEBUG_INFORMATION_FORMAT = dwarf;
				ENABLE_STRICT_OBJC_MSGSEND = YES;
				ENABLE_TESTABILITY = YES;
				GCC_C_LANGUAGE_STANDARD = gnu11;
				GCC_DYNAMIC_NO_PIC = NO;
				GCC_NO_COMMON_BLOCKS = YES;
				GCC_OPTIMIZATION_LEVEL = 0;
				GCC_PREPROCESSOR_DEFINITIONS = (
					"DEBUG=1",
					"$(inherited)",
				);
				GCC_WARN_64_TO_32_BIT_CONVERSION = YES;
				GCC_WARN_ABOUT_RETURN_TYPE = YES_ERROR;
				GCC_WARN_UNDECLARED_SELECTOR = YES;
				GCC_WARN_UNINITIALIZED_AUTOS = YES_AGGRESSIVE;
				GCC_WARN_UNUSED_FUNCTION = YES;
				GCC_WARN_UNUSED_VARIABLE = YES;
				IPHONEOS_DEPLOYMENT_TARGET = 11.3;
				MTL_ENABLE_DEBUG_INFO = YES;
				ONLY_ACTIVE_ARCH = YES;
				SDKROOT = iphoneos;
				SWIFT_ACTIVE_COMPILATION_CONDITIONS = DEBUG;
				SWIFT_OPTIMIZATION_LEVEL = "-Onone";
			};
			name = Debug;
		};
		145DDDDD209F525400D410AB /* Release */ = {
			isa = XCBuildConfiguration;
			buildSettings = {
				ALWAYS_SEARCH_USER_PATHS = NO;
				CLANG_ANALYZER_NONNULL = YES;
				CLANG_ANALYZER_NUMBER_OBJECT_CONVERSION = YES_AGGRESSIVE;
				CLANG_CXX_LANGUAGE_STANDARD = "gnu++14";
				CLANG_CXX_LIBRARY = "libc++";
				CLANG_ENABLE_MODULES = YES;
				CLANG_ENABLE_OBJC_ARC = YES;
				CLANG_ENABLE_OBJC_WEAK = YES;
				CLANG_WARN_BLOCK_CAPTURE_AUTORELEASING = YES;
				CLANG_WARN_BOOL_CONVERSION = YES;
				CLANG_WARN_COMMA = YES;
				CLANG_WARN_CONSTANT_CONVERSION = YES;
				CLANG_WARN_DEPRECATED_OBJC_IMPLEMENTATIONS = YES;
				CLANG_WARN_DIRECT_OBJC_ISA_USAGE = YES_ERROR;
				CLANG_WARN_DOCUMENTATION_COMMENTS = YES;
				CLANG_WARN_EMPTY_BODY = YES;
				CLANG_WARN_ENUM_CONVERSION = YES;
				CLANG_WARN_INFINITE_RECURSION = YES;
				CLANG_WARN_INT_CONVERSION = YES;
				CLANG_WARN_NON_LITERAL_NULL_CONVERSION = YES;
				CLANG_WARN_OBJC_IMPLICIT_RETAIN_SELF = YES;
				CLANG_WARN_OBJC_LITERAL_CONVERSION = YES;
				CLANG_WARN_OBJC_ROOT_CLASS = YES_ERROR;
				CLANG_WARN_RANGE_LOOP_ANALYSIS = YES;
				CLANG_WARN_STRICT_PROTOTYPES = YES;
				CLANG_WARN_SUSPICIOUS_MOVE = YES;
				CLANG_WARN_UNGUARDED_AVAILABILITY = YES_AGGRESSIVE;
				CLANG_WARN_UNREACHABLE_CODE = YES;
				CLANG_WARN__DUPLICATE_METHOD_MATCH = YES;
				CODE_SIGN_IDENTITY = "iPhone Developer";
				COPY_PHASE_STRIP = NO;
				DEBUG_INFORMATION_FORMAT = "dwarf-with-dsym";
				ENABLE_NS_ASSERTIONS = NO;
				ENABLE_STRICT_OBJC_MSGSEND = YES;
				GCC_C_LANGUAGE_STANDARD = gnu11;
				GCC_NO_COMMON_BLOCKS = YES;
				GCC_WARN_64_TO_32_BIT_CONVERSION = YES;
				GCC_WARN_ABOUT_RETURN_TYPE = YES_ERROR;
				GCC_WARN_UNDECLARED_SELECTOR = YES;
				GCC_WARN_UNINITIALIZED_AUTOS = YES_AGGRESSIVE;
				GCC_WARN_UNUSED_FUNCTION = YES;
				GCC_WARN_UNUSED_VARIABLE = YES;
				IPHONEOS_DEPLOYMENT_TARGET = 11.3;
				MTL_ENABLE_DEBUG_INFO = NO;
				SDKROOT = iphoneos;
				SWIFT_COMPILATION_MODE = wholemodule;
				SWIFT_OPTIMIZATION_LEVEL = "-O";
				VALIDATE_PRODUCT = YES;
			};
			name = Release;
		};
		145DDDDF209F525400D410AB /* Debug */ = {
			isa = XCBuildConfiguration;
			baseConfigurationReference = B1796A3F2493BFFA06243261 /* Pods-Smack.debug.xcconfig */;
			buildSettings = {
				ASSETCATALOG_COMPILER_APPICON_NAME = AppIcon;
				CLANG_ENABLE_MODULES = YES;
				CODE_SIGN_STYLE = Automatic;
				INFOPLIST_FILE = Smack/Info.plist;
				LD_RUNPATH_SEARCH_PATHS = (
					"$(inherited)",
					"@executable_path/Frameworks",
				);
				PRODUCT_BUNDLE_IDENTIFIER = th.in.droid.Smack;
				PRODUCT_NAME = "$(TARGET_NAME)";
				SWIFT_OBJC_BRIDGING_HEADER = "Smack/Supporting Files/Smack-Bridging-Header.h";
				SWIFT_OPTIMIZATION_LEVEL = "-Onone";
				SWIFT_VERSION = 4.0;
				TARGETED_DEVICE_FAMILY = "1,2";
			};
			name = Debug;
		};
		145DDDE0209F525400D410AB /* Release */ = {
			isa = XCBuildConfiguration;
			baseConfigurationReference = 72FF7C17CCC4A9F701646B70 /* Pods-Smack.release.xcconfig */;
			buildSettings = {
				ASSETCATALOG_COMPILER_APPICON_NAME = AppIcon;
				CLANG_ENABLE_MODULES = YES;
				CODE_SIGN_STYLE = Automatic;
				INFOPLIST_FILE = Smack/Info.plist;
				LD_RUNPATH_SEARCH_PATHS = (
					"$(inherited)",
					"@executable_path/Frameworks",
				);
				PRODUCT_BUNDLE_IDENTIFIER = th.in.droid.Smack;
				PRODUCT_NAME = "$(TARGET_NAME)";
				SWIFT_OBJC_BRIDGING_HEADER = "Smack/Supporting Files/Smack-Bridging-Header.h";
				SWIFT_VERSION = 4.0;
				TARGETED_DEVICE_FAMILY = "1,2";
			};
			name = Release;
		};
/* End XCBuildConfiguration section */

/* Begin XCConfigurationList section */
		145DDDC7209F525300D410AB /* Build configuration list for PBXProject "Smack" */ = {
			isa = XCConfigurationList;
			buildConfigurations = (
				145DDDDC209F525400D410AB /* Debug */,
				145DDDDD209F525400D410AB /* Release */,
			);
			defaultConfigurationIsVisible = 0;
			defaultConfigurationName = Release;
		};
		145DDDDE209F525400D410AB /* Build configuration list for PBXNativeTarget "Smack" */ = {
			isa = XCConfigurationList;
			buildConfigurations = (
				145DDDDF209F525400D410AB /* Debug */,
				145DDDE0209F525400D410AB /* Release */,
			);
			defaultConfigurationIsVisible = 0;
			defaultConfigurationName = Release;
		};
/* End XCConfigurationList section */
	};
	rootObject = 145DDDC4209F525300D410AB /* Project object */;
}
